
Microsoft Visual Studio Solution File, Format Version 12.00
# Visual Studio Version 17
VisualStudioVersion = 17.7.34031.279
MinimumVisualStudioVersion = 10.0.40219.1
Project("{9A19103F-16F7-4668-BE54-9A1E7A4F7556}") = "MVC.PracticeTask-1", "MVC.PracticeTask-1\MVC.PracticeTask-1.csproj", "{FFD35A8A-C298-418D-A5EC-9C986FDA7189}"
EndProject
Project("{FAE04EC0-301F-11D3-BF4B-00C04F79EFBC}") = "PustokMVC.Core", "PustokMVC.Core\PustokMVC.Core.csproj", "{02CEDF12-14DA-47E3-A555-F6A068F8CE28}"
EndProject
Project("{FAE04EC0-301F-11D3-BF4B-00C04F79EFBC}") = "PustokMVC.Data", "PustokMVC.Data\PustokMVC.Data.csproj", "{B599828C-F7CF-4905-9C28-C61647DEF1D2}"
EndProject
Project("{FAE04EC0-301F-11D3-BF4B-00C04F79EFBC}") = "PustokMVC.Business", "PustokMVC.Business\PustokMVC.Business.csproj", "{6199B84E-82C0-4CB0-B1A3-6251F3F3EC7A}"
EndProject
Global
	GlobalSection(SolutionConfigurationPlatforms) = preSolution
		Debug|Any CPU = Debug|Any CPU
		Release|Any CPU = Release|Any CPU
	EndGlobalSection
	GlobalSection(ProjectConfigurationPlatforms) = postSolution
		{FFD35A8A-C298-418D-A5EC-9C986FDA7189}.Debug|Any CPU.ActiveCfg = Debug|Any CPU
		{FFD35A8A-C298-418D-A5EC-9C986FDA7189}.Debug|Any CPU.Build.0 = Debug|Any CPU
		{FFD35A8A-C298-418D-A5EC-9C986FDA7189}.Release|Any CPU.ActiveCfg = Release|Any CPU
		{FFD35A8A-C298-418D-A5EC-9C986FDA7189}.Release|Any CPU.Build.0 = Release|Any CPU
		{02CEDF12-14DA-47E3-A555-F6A068F8CE28}.Debug|Any CPU.ActiveCfg = Debug|Any CPU
		{02CEDF12-14DA-47E3-A555-F6A068F8CE28}.Debug|Any CPU.Build.0 = Debug|Any CPU
		{02CEDF12-14DA-47E3-A555-F6A068F8CE28}.Release|Any CPU.ActiveCfg = Release|Any CPU
		{02CEDF12-14DA-47E3-A555-F6A068F8CE28}.Release|Any CPU.Build.0 = Release|Any CPU
		{B599828C-F7CF-4905-9C28-C61647DEF1D2}.Debug|Any CPU.ActiveCfg = Debug|Any CPU
		{B599828C-F7CF-4905-9C28-C61647DEF1D2}.Debug|Any CPU.Build.0 = Debug|Any CPU
		{B599828C-F7CF-4905-9C28-C61647DEF1D2}.Release|Any CPU.ActiveCfg = Release|Any CPU
		{B599828C-F7CF-4905-9C28-C61647DEF1D2}.Release|Any CPU.Build.0 = Release|Any CPU
		{6199B84E-82C0-4CB0-B1A3-6251F3F3EC7A}.Debug|Any CPU.ActiveCfg = Debug|Any CPU
		{6199B84E-82C0-4CB0-B1A3-6251F3F3EC7A}.Debug|Any CPU.Build.0 = Debug|Any CPU
		{6199B84E-82C0-4CB0-B1A3-6251F3F3EC7A}.Release|Any CPU.ActiveCfg = Release|Any CPU
		{6199B84E-82C0-4CB0-B1A3-6251F3F3EC7A}.Release|Any CPU.Build.0 = Release|Any CPU
	EndGlobalSection
	GlobalSection(SolutionProperties) = preSolution
		HideSolutionNode = FALSE
	EndGlobalSection
	GlobalSection(ExtensibilityGlobals) = postSolution
		SolutionGuid = {3800D43F-AB74-4460-96A9-ECF28DED43C7}
	EndGlobalSection
EndGlobal
